
Microsoft Visual Studio Solution File, Format Version 12.00
# Visual Studio 15
VisualStudioVersion = 15.0.28307.572
MinimumVisualStudioVersion = 10.0.40219.1
Project("{FAE04EC0-301F-11D3-BF4B-00C04F79EFBC}") = "RaysHotDogs.Core", "RaysHotDogs.Core\RaysHotDogs.Core.csproj", "{EC26D0C7-C333-46CC-8146-05BF5D086C13}"
EndProject
Project("{FAE04EC0-301F-11D3-BF4B-00C04F79EFBC}") = "RaysHotDogs", "RaysHotDogs\RaysHotDogs.csproj", "{C22FB37B-D2CB-4322-98BE-2F0B879092B4}"
EndProject
Global
	GlobalSection(SolutionConfigurationPlatforms) = preSolution
		Debug|Any CPU = Debug|Any CPU
		Release|Any CPU = Release|Any CPU
	EndGlobalSection
	GlobalSection(ProjectConfigurationPlatforms) = postSolution
		{EC26D0C7-C333-46CC-8146-05BF5D086C13}.Debug|Any CPU.ActiveCfg = Debug|Any CPU
		{EC26D0C7-C333-46CC-8146-05BF5D086C13}.Debug|Any CPU.Build.0 = Debug|Any CPU
		{EC26D0C7-C333-46CC-8146-05BF5D086C13}.Release|Any CPU.ActiveCfg = Release|Any CPU
		{EC26D0C7-C333-46CC-8146-05BF5D086C13}.Release|Any CPU.Build.0 = Release|Any CPU
		{C22FB37B-D2CB-4322-98BE-2F0B879092B4}.Debug|Any CPU.ActiveCfg = Debug|Any CPU
		{C22FB37B-D2CB-4322-98BE-2F0B879092B4}.Debug|Any CPU.Build.0 = Debug|Any CPU
		{C22FB37B-D2CB-4322-98BE-2F0B879092B4}.Debug|Any CPU.Deploy.0 = Debug|Any CPU
		{C22FB37B-D2CB-4322-98BE-2F0B879092B4}.Release|Any CPU.ActiveCfg = Release|Any CPU
		{C22FB37B-D2CB-4322-98BE-2F0B879092B4}.Release|Any CPU.Build.0 = Release|Any CPU
		{C22FB37B-D2CB-4322-98BE-2F0B879092B4}.Release|Any CPU.Deploy.0 = Release|Any CPU
	EndGlobalSection
	GlobalSection(SolutionProperties) = preSolution
		HideSolutionNode = FALSE
	EndGlobalSection
	GlobalSection(ExtensibilityGlobals) = postSolution
		SolutionGuid = {ED5BFF8D-1AA7-4FFC-AA34-BB40DEB382A4}
	EndGlobalSection
EndGlobal
